
Microsoft Visual Studio Solution File, Format Version 12.00
# Visual Studio Version 16
VisualStudioVersion = 16.0.30804.86
MinimumVisualStudioVersion = 10.0.40219.1
Project("{8BC9CEB8-8B4A-11D0-8D11-00A0C91BC942}") = "pcl_view", "pcl_view.vcxproj", "{F583CF94-5C73-4113-B84A-2EF0A6196589}"
EndProject
Global
	GlobalSection(SolutionConfigurationPlatforms) = preSolution
		Debug|x64 = Debug|x64
		Debug|x86 = Debug|x86
		Release|x64 = Release|x64
		Release|x86 = Release|x86
	EndGlobalSection
	GlobalSection(ProjectConfigurationPlatforms) = postSolution
		{F583CF94-5C73-4113-B84A-2EF0A6196589}.Debug|x64.ActiveCfg = Debug|x64
		{F583CF94-5C73-4113-B84A-2EF0A6196589}.Debug|x64.Build.0 = Debug|x64
		{F583CF94-5C73-4113-B84A-2EF0A6196589}.Debug|x86.ActiveCfg = Debug|Win32
		{F583CF94-5C73-4113-B84A-2EF0A6196589}.Debug|x86.Build.0 = Debug|Win32
		{F583CF94-5C73-4113-B84A-2EF0A6196589}.Release|x64.ActiveCfg = Release|x64
		{F583CF94-5C73-4113-B84A-2EF0A6196589}.Release|x64.Build.0 = Release|x64
		{F583CF94-5C73-4113-B84A-2EF0A6196589}.Release|x86.ActiveCfg = Release|Win32
		{F583CF94-5C73-4113-B84A-2EF0A6196589}.Release|x86.Build.0 = Release|Win32
	EndGlobalSection
	GlobalSection(SolutionProperties) = preSolution
		HideSolutionNode = FALSE
	EndGlobalSection
	GlobalSection(ExtensibilityGlobals) = postSolution
		SolutionGuid = {C3822C57-ADDE-48E8-A368-48F7B3C72D4C}
	EndGlobalSection
EndGlobal
