
Microsoft Visual Studio Solution File, Format Version 12.00
# Visual Studio Version 16
VisualStudioVersion = 16.0.30804.86
MinimumVisualStudioVersion = 10.0.40219.1
Project("{8BC9CEB8-8B4A-11D0-8D11-00A0C91BC942}") = "DisparityToPCL", "DisparityToPCL.vcxproj", "{FCD00239-42A3-445D-97BD-5494E12ED75D}"
EndProject
Global
	GlobalSection(SolutionConfigurationPlatforms) = preSolution
		Debug|x64 = Debug|x64
		Debug|x86 = Debug|x86
		Release|x64 = Release|x64
		Release|x86 = Release|x86
	EndGlobalSection
	GlobalSection(ProjectConfigurationPlatforms) = postSolution
		{FCD00239-42A3-445D-97BD-5494E12ED75D}.Debug|x64.ActiveCfg = Debug|x64
		{FCD00239-42A3-445D-97BD-5494E12ED75D}.Debug|x64.Build.0 = Debug|x64
		{FCD00239-42A3-445D-97BD-5494E12ED75D}.Debug|x86.ActiveCfg = Debug|Win32
		{FCD00239-42A3-445D-97BD-5494E12ED75D}.Debug|x86.Build.0 = Debug|Win32
		{FCD00239-42A3-445D-97BD-5494E12ED75D}.Release|x64.ActiveCfg = Release|x64
		{FCD00239-42A3-445D-97BD-5494E12ED75D}.Release|x64.Build.0 = Release|x64
		{FCD00239-42A3-445D-97BD-5494E12ED75D}.Release|x86.ActiveCfg = Release|Win32
		{FCD00239-42A3-445D-97BD-5494E12ED75D}.Release|x86.Build.0 = Release|Win32
	EndGlobalSection
	GlobalSection(SolutionProperties) = preSolution
		HideSolutionNode = FALSE
	EndGlobalSection
	GlobalSection(ExtensibilityGlobals) = postSolution
		SolutionGuid = {503E4577-1B2D-463A-B22D-837A8CE0DB4A}
	EndGlobalSection
EndGlobal
